<?xml version="1.0" encoding="utf-8"?>
<Project ToolsVersion="4.0" xmlns="http://schemas.microsoft.com/developer/msbuild/2003">
  <ItemGroup>
    <Filter Include="Source Files">
      <UniqueIdentifier>{4FC737F1-C7A5-4376-A066-2A32D752A2FF}</UniqueIdentifier>
      <Extensions>cpp;c;cc;cxx;def;odl;idl;hpj;bat;asm;asmx</Extensions>
    </Filter>
    <Filter Include="Source Files\vst2.x">
      <UniqueIdentifier>{b69c28d1-379f-4f7c-a6dc-6cd1e7046059}</UniqueIdentifier>
    </Filter>
    <Filter Include="Source Files\vstgui">
      <UniqueIdentifier>{6697570f-766b-47b4-ad02-706e6229d22c}</UniqueIdentifier>
    </Filter>
    <Filter Include="Interfaces">
      <UniqueIdentifier>{f9567979-3e0d-4b36-bfea-fdf6748bc11b}</UniqueIdentifier>
    </Filter>
  </ItemGroup>
  <ItemGroup>
    <ClCompile Include="..\..\vstsdk2.4\public.sdk\source\vst2.x\audioeffect.cpp">
      <Filter>Source Files\vst2.x</Filter>
    </ClCompile>
    <ClCompile Include="..\..\vstsdk2.4\public.sdk\source\vst2.x\audioeffectx.cpp">
      <Filter>Source Files\vst2.x</Filter>
    </ClCompile>
    <ClCompile Include="..\..\vstsdk2.4\public.sdk\source\vst2.x\vstplugmain.cpp">
      <Filter>Source Files\vst2.x</Filter>
    </ClCompile>
    <ClCompile Include="..\..\vstsdk2.4\vstgui.sf\vstgui\aeffguieditor.cpp">
      <Filter>Source Files\vstgui</Filter>
    </ClCompile>
    <ClCompile Include="..\..\vstsdk2.4\vstgui.sf\vstgui\vstcontrols.cpp">
      <Filter>Source Files\vstgui</Filter>
    </ClCompile>
    <ClCompile Include="..\..\vstsdk2.4\vstgui.sf\vstgui\vstgui.cpp">
      <Filter>Source Files\vstgui</Filter>
    </ClCompile>
    <ClCompile Include="deritrvi.cpp">
      <Filter>Source Files</Filter>
    </ClCompile>
    <ClCompile Include="deritrvieditor.cpp">
      <Filter>Source Files</Filter>
    </ClCompile>
    <ClCompile Include="deritrvimain.cpp">
      <Filter>Source Files</Filter>
    </ClCompile>
  </ItemGroup>
  <ItemGroup>
    <None Include="ClassDiagram1.cd" />
    <None Include="vibrato.def">
      <Filter>Source Files</Filter>
    </None>
    <None Include="deritrvi.def">
      <Filter>Source Files</Filter>
    </None>
  </ItemGroup>
  <ItemGroup>
    <ClInclude Include="..\..\vstsdk2.4\public.sdk\source\vst2.x\aeffeditor.h">
      <Filter>Source Files\vst2.x</Filter>
    </ClInclude>
    <ClInclude Include="..\..\vstsdk2.4\public.sdk\source\vst2.x\audioeffect.h">
      <Filter>Source Files\vst2.x</Filter>
    </ClInclude>
    <ClInclude Include="..\..\vstsdk2.4\public.sdk\source\vst2.x\audioeffectx.h">
      <Filter>Source Files\vst2.x</Filter>
    </ClInclude>
    <ClInclude Include="..\..\vstsdk2.4\vstgui.sf\vstgui\aeffguieditor.h">
      <Filter>Source Files\vstgui</Filter>
    </ClInclude>
    <ClInclude Include="..\..\vstsdk2.4\vstgui.sf\vstgui\vstcontrols.h">
      <Filter>Source Files\vstgui</Filter>
    </ClInclude>
    <ClInclude Include="..\..\vstsdk2.4\vstgui.sf\vstgui\vstgui.h">
      <Filter>Source Files\vstgui</Filter>
    </ClInclude>
    <ClInclude Include="..\..\vstsdk2.4\pluginterfaces\vst2.x\aeffect.h">
      <Filter>Interfaces</Filter>
    </ClInclude>
    <ClInclude Include="..\..\vstsdk2.4\pluginterfaces\vst2.x\aeffectx.h">
      <Filter>Interfaces</Filter>
    </ClInclude>
    <ClInclude Include="..\..\vstsdk2.4\pluginterfaces\vst2.x\vstfxstore.h">
      <Filter>Interfaces</Filter>
    </ClInclude>
    <ClInclude Include="resource.h" />
    <ClInclude Include="deritrvi.h">
      <Filter>Source Files</Filter>
    </ClInclude>
    <ClInclude Include="deritrvieditor.h">
      <Filter>Source Files</Filter>
    </ClInclude>
  </ItemGroup>
  <ItemGroup>
    <ResourceCompile Include="deritrvi.rc" />
  </ItemGroup>
</Project>